
Microsoft Visual Studio Solution File, Format Version 12.00
# Visual Studio Version 16
VisualStudioVersion = 16.0.31702.278
MinimumVisualStudioVersion = 10.0.40219.1
Project("{FAE04EC0-301F-11D3-BF4B-00C04F79EFBC}") = "IWM", "IWM\IWM.csproj", "{A977A36D-F13D-4DF4-9C22-3E3156B6477B}"
EndProject
Global
	GlobalSection(SolutionConfigurationPlatforms) = preSolution
		Debug|Any CPU = Debug|Any CPU
		Release|Any CPU = Release|Any CPU
	EndGlobalSection
	GlobalSection(ProjectConfigurationPlatforms) = postSolution
		{A977A36D-F13D-4DF4-9C22-3E3156B6477B}.Debug|Any CPU.ActiveCfg = Debug|Any CPU
		{A977A36D-F13D-4DF4-9C22-3E3156B6477B}.Debug|Any CPU.Build.0 = Debug|Any CPU
		{A977A36D-F13D-4DF4-9C22-3E3156B6477B}.Release|Any CPU.ActiveCfg = Release|Any CPU
		{A977A36D-F13D-4DF4-9C22-3E3156B6477B}.Release|Any CPU.Build.0 = Release|Any CPU
	EndGlobalSection
	GlobalSection(SolutionProperties) = preSolution
		HideSolutionNode = FALSE
	EndGlobalSection
	GlobalSection(ExtensibilityGlobals) = postSolution
		SolutionGuid = {902A9D51-708E-4583-80B3-21FDA40797B9}
	EndGlobalSection
EndGlobal
